
Microsoft Visual Studio Solution File, Format Version 12.00
# Visual Studio Version 16
VisualStudioVersion = 16.0.29326.143
MinimumVisualStudioVersion = 10.0.40219.1
Project("{FAE04EC0-301F-11D3-BF4B-00C04F79EFBC}") = "Demo", "Demo\Demo.csproj", "{D25DD24D-C2DA-4FA7-AD81-5F7002425092}"
EndProject
Global
	GlobalSection(SolutionConfigurationPlatforms) = preSolution
		Debug|Any CPU = Debug|Any CPU
		Release|Any CPU = Release|Any CPU
	EndGlobalSection
	GlobalSection(ProjectConfigurationPlatforms) = postSolution
		{D25DD24D-C2DA-4FA7-AD81-5F7002425092}.Debug|Any CPU.ActiveCfg = Debug|Any CPU
		{D25DD24D-C2DA-4FA7-AD81-5F7002425092}.Debug|Any CPU.Build.0 = Debug|Any CPU
		{D25DD24D-C2DA-4FA7-AD81-5F7002425092}.Release|Any CPU.ActiveCfg = Release|Any CPU
		{D25DD24D-C2DA-4FA7-AD81-5F7002425092}.Release|Any CPU.Build.0 = Release|Any CPU
	EndGlobalSection
	GlobalSection(SolutionProperties) = preSolution
		HideSolutionNode = FALSE
	EndGlobalSection
	GlobalSection(ExtensibilityGlobals) = postSolution
		SolutionGuid = {63E5DE30-4681-4A76-8A08-76583430CDFB}
	EndGlobalSection
EndGlobal
