
Microsoft Visual Studio Solution File, Format Version 12.00
# Visual Studio Version 16
VisualStudioVersion = 16.0.28714.193
MinimumVisualStudioVersion = 10.0.40219.1
Project("{2150E333-8FDC-42A3-9474-1A3956D46DE8}") = "Microservices", "Microservices", "{B875AC63-EAC6-49B9-BEB6-69D4F6EB6ED4}"
EndProject
Project("{2150E333-8FDC-42A3-9474-1A3956D46DE8}") = "Domain", "Domain", "{62580071-7705-43CE-94CA-01D9D657BE2F}"
EndProject
Project("{2150E333-8FDC-42A3-9474-1A3956D46DE8}") = "Infra.bus", "Infra.bus", "{E76EE1B3-80EF-4CF6-BF2B-0069B6A39570}"
EndProject
Project("{2150E333-8FDC-42A3-9474-1A3956D46DE8}") = "Infra.IoC", "Infra.IoC", "{2F62F338-7762-4A94-9497-C1A96208349C}"
EndProject
Project("{2150E333-8FDC-42A3-9474-1A3956D46DE8}") = "Presentation", "Presentation", "{11E41DBE-03E9-498B-9CF8-8C66B55A9693}"
EndProject
Project("{FAE04EC0-301F-11D3-BF4B-00C04F79EFBC}") = "MicroRabit.Domain.Core", "MicroRabit\MicroRabit.Domain.Core\MicroRabit.Domain.Core.csproj", "{A2EE8478-2226-4BD1-B754-DF6508119CC6}"
EndProject
Project("{FAE04EC0-301F-11D3-BF4B-00C04F79EFBC}") = "MicroRabit.Infra.Bus", "MicroRabit\MicroRabit.Infra.Bus\MicroRabit.Infra.Bus.csproj", "{FC0D6C54-140B-469D-B005-B9E15D44F1F5}"
EndProject
Project("{FAE04EC0-301F-11D3-BF4B-00C04F79EFBC}") = "MicroRabit.Infra.IoC", "MicroRabit\MicroRabit.Infra.IoC\MicroRabit.Infra.IoC.csproj", "{B0E35110-8E88-442E-91BF-49D9742B0911}"
EndProject
Project("{2150E333-8FDC-42A3-9474-1A3956D46DE8}") = "Banking", "Banking", "{9922F941-1007-4A10-9381-CEE4E93E0885}"
EndProject
Project("{2150E333-8FDC-42A3-9474-1A3956D46DE8}") = "Api", "Api", "{53B18D1B-28BC-4013-82C6-945D584D3754}"
EndProject
Project("{2150E333-8FDC-42A3-9474-1A3956D46DE8}") = "Application", "Application", "{31AC5648-D3D2-468C-95AE-FC98B725E3E5}"
EndProject
Project("{2150E333-8FDC-42A3-9474-1A3956D46DE8}") = "Data", "Data", "{157D9BF8-C7D5-47F6-AF4A-60719B1211F9}"
EndProject
Project("{2150E333-8FDC-42A3-9474-1A3956D46DE8}") = "Domain", "Domain", "{2E556078-6F18-498F-9A09-37B1EF0CF729}"
EndProject
Project("{FAE04EC0-301F-11D3-BF4B-00C04F79EFBC}") = "MicroRabit.Banking.Api", "MicroRabit\MicroRabit.Banking.Api\MicroRabit.Banking.Api.csproj", "{D55D0B18-8F3D-44A6-BF15-27396CA80243}"
EndProject
Project("{FAE04EC0-301F-11D3-BF4B-00C04F79EFBC}") = "MicroRabit.Banking.Application", "MicroRabit\MicroRabit.Banking.Application\MicroRabit.Banking.Application.csproj", "{7DD63AE3-6A54-4FA1-86A3-C43692CA901E}"
EndProject
Project("{FAE04EC0-301F-11D3-BF4B-00C04F79EFBC}") = "MicroRabit.Banking.Data", "MicroRabit\MicroRabit.Banking.Data\MicroRabit.Banking.Data.csproj", "{1D9AF15D-E1A6-4F04-B68F-D7B40ED7C694}"
EndProject
Project("{FAE04EC0-301F-11D3-BF4B-00C04F79EFBC}") = "MicroRabit.Banking.Domain", "MicroRabit\MicroRabit.Banking.Domain\MicroRabit.Banking.Domain.csproj", "{21B0290E-F483-4084-B9D6-AD5A21D121B2}"
EndProject
Global
	GlobalSection(SolutionConfigurationPlatforms) = preSolution
		Debug|Any CPU = Debug|Any CPU
		Release|Any CPU = Release|Any CPU
	EndGlobalSection
	GlobalSection(ProjectConfigurationPlatforms) = postSolution
		{A2EE8478-2226-4BD1-B754-DF6508119CC6}.Debug|Any CPU.ActiveCfg = Debug|Any CPU
		{A2EE8478-2226-4BD1-B754-DF6508119CC6}.Debug|Any CPU.Build.0 = Debug|Any CPU
		{A2EE8478-2226-4BD1-B754-DF6508119CC6}.Release|Any CPU.ActiveCfg = Release|Any CPU
		{A2EE8478-2226-4BD1-B754-DF6508119CC6}.Release|Any CPU.Build.0 = Release|Any CPU
		{FC0D6C54-140B-469D-B005-B9E15D44F1F5}.Debug|Any CPU.ActiveCfg = Debug|Any CPU
		{FC0D6C54-140B-469D-B005-B9E15D44F1F5}.Debug|Any CPU.Build.0 = Debug|Any CPU
		{FC0D6C54-140B-469D-B005-B9E15D44F1F5}.Release|Any CPU.ActiveCfg = Release|Any CPU
		{FC0D6C54-140B-469D-B005-B9E15D44F1F5}.Release|Any CPU.Build.0 = Release|Any CPU
		{B0E35110-8E88-442E-91BF-49D9742B0911}.Debug|Any CPU.ActiveCfg = Debug|Any CPU
		{B0E35110-8E88-442E-91BF-49D9742B0911}.Debug|Any CPU.Build.0 = Debug|Any CPU
		{B0E35110-8E88-442E-91BF-49D9742B0911}.Release|Any CPU.ActiveCfg = Release|Any CPU
		{B0E35110-8E88-442E-91BF-49D9742B0911}.Release|Any CPU.Build.0 = Release|Any CPU
		{D55D0B18-8F3D-44A6-BF15-27396CA80243}.Debug|Any CPU.ActiveCfg = Debug|Any CPU
		{D55D0B18-8F3D-44A6-BF15-27396CA80243}.Debug|Any CPU.Build.0 = Debug|Any CPU
		{D55D0B18-8F3D-44A6-BF15-27396CA80243}.Release|Any CPU.ActiveCfg = Release|Any CPU
		{D55D0B18-8F3D-44A6-BF15-27396CA80243}.Release|Any CPU.Build.0 = Release|Any CPU
		{7DD63AE3-6A54-4FA1-86A3-C43692CA901E}.Debug|Any CPU.ActiveCfg = Debug|Any CPU
		{7DD63AE3-6A54-4FA1-86A3-C43692CA901E}.Debug|Any CPU.Build.0 = Debug|Any CPU
		{7DD63AE3-6A54-4FA1-86A3-C43692CA901E}.Release|Any CPU.ActiveCfg = Release|Any CPU
		{7DD63AE3-6A54-4FA1-86A3-C43692CA901E}.Release|Any CPU.Build.0 = Release|Any CPU
		{1D9AF15D-E1A6-4F04-B68F-D7B40ED7C694}.Debug|Any CPU.ActiveCfg = Debug|Any CPU
		{1D9AF15D-E1A6-4F04-B68F-D7B40ED7C694}.Debug|Any CPU.Build.0 = Debug|Any CPU
		{1D9AF15D-E1A6-4F04-B68F-D7B40ED7C694}.Release|Any CPU.ActiveCfg = Release|Any CPU
		{1D9AF15D-E1A6-4F04-B68F-D7B40ED7C694}.Release|Any CPU.Build.0 = Release|Any CPU
		{21B0290E-F483-4084-B9D6-AD5A21D121B2}.Debug|Any CPU.ActiveCfg = Debug|Any CPU
		{21B0290E-F483-4084-B9D6-AD5A21D121B2}.Debug|Any CPU.Build.0 = Debug|Any CPU
		{21B0290E-F483-4084-B9D6-AD5A21D121B2}.Release|Any CPU.ActiveCfg = Release|Any CPU
		{21B0290E-F483-4084-B9D6-AD5A21D121B2}.Release|Any CPU.Build.0 = Release|Any CPU
	EndGlobalSection
	GlobalSection(SolutionProperties) = preSolution
		HideSolutionNode = FALSE
	EndGlobalSection
	GlobalSection(NestedProjects) = preSolution
		{A2EE8478-2226-4BD1-B754-DF6508119CC6} = {62580071-7705-43CE-94CA-01D9D657BE2F}
		{FC0D6C54-140B-469D-B005-B9E15D44F1F5} = {E76EE1B3-80EF-4CF6-BF2B-0069B6A39570}
		{B0E35110-8E88-442E-91BF-49D9742B0911} = {2F62F338-7762-4A94-9497-C1A96208349C}
		{9922F941-1007-4A10-9381-CEE4E93E0885} = {B875AC63-EAC6-49B9-BEB6-69D4F6EB6ED4}
		{53B18D1B-28BC-4013-82C6-945D584D3754} = {9922F941-1007-4A10-9381-CEE4E93E0885}
		{31AC5648-D3D2-468C-95AE-FC98B725E3E5} = {9922F941-1007-4A10-9381-CEE4E93E0885}
		{157D9BF8-C7D5-47F6-AF4A-60719B1211F9} = {9922F941-1007-4A10-9381-CEE4E93E0885}
		{2E556078-6F18-498F-9A09-37B1EF0CF729} = {9922F941-1007-4A10-9381-CEE4E93E0885}
		{D55D0B18-8F3D-44A6-BF15-27396CA80243} = {53B18D1B-28BC-4013-82C6-945D584D3754}
		{7DD63AE3-6A54-4FA1-86A3-C43692CA901E} = {31AC5648-D3D2-468C-95AE-FC98B725E3E5}
		{1D9AF15D-E1A6-4F04-B68F-D7B40ED7C694} = {157D9BF8-C7D5-47F6-AF4A-60719B1211F9}
		{21B0290E-F483-4084-B9D6-AD5A21D121B2} = {2E556078-6F18-498F-9A09-37B1EF0CF729}
	EndGlobalSection
	GlobalSection(ExtensibilityGlobals) = postSolution
		SolutionGuid = {9B3C67C1-751D-4E40-BB97-D7A219E624BD}
	EndGlobalSection
EndGlobal
