
Microsoft Visual Studio Solution File, Format Version 12.00
# Visual Studio Version 16
VisualStudioVersion = 16.0.28714.193
MinimumVisualStudioVersion = 10.0.40219.1
Project("{2150E333-8FDC-42A3-9474-1A3956D46DE8}") = "Microservices", "Microservices", "{B875AC63-EAC6-49B9-BEB6-69D4F6EB6ED4}"
EndProject
Project("{2150E333-8FDC-42A3-9474-1A3956D46DE8}") = "Domain", "Domain", "{62580071-7705-43CE-94CA-01D9D657BE2F}"
EndProject
Project("{2150E333-8FDC-42A3-9474-1A3956D46DE8}") = "Infra.bus", "Infra.bus", "{E76EE1B3-80EF-4CF6-BF2B-0069B6A39570}"
EndProject
Project("{2150E333-8FDC-42A3-9474-1A3956D46DE8}") = "Infra.IoC", "Infra.IoC", "{2F62F338-7762-4A94-9497-C1A96208349C}"
EndProject
Project("{2150E333-8FDC-42A3-9474-1A3956D46DE8}") = "Presentation", "Presentation", "{11E41DBE-03E9-498B-9CF8-8C66B55A9693}"
EndProject
Project("{FAE04EC0-301F-11D3-BF4B-00C04F79EFBC}") = "MicroRabit.Domain.Core", "MicroRabit\MicroRabit.Domain.Core\MicroRabit.Domain.Core.csproj", "{A2EE8478-2226-4BD1-B754-DF6508119CC6}"
EndProject
Global
	GlobalSection(SolutionConfigurationPlatforms) = preSolution
		Debug|Any CPU = Debug|Any CPU
		Release|Any CPU = Release|Any CPU
	EndGlobalSection
	GlobalSection(ProjectConfigurationPlatforms) = postSolution
		{A2EE8478-2226-4BD1-B754-DF6508119CC6}.Debug|Any CPU.ActiveCfg = Debug|Any CPU
		{A2EE8478-2226-4BD1-B754-DF6508119CC6}.Debug|Any CPU.Build.0 = Debug|Any CPU
		{A2EE8478-2226-4BD1-B754-DF6508119CC6}.Release|Any CPU.ActiveCfg = Release|Any CPU
		{A2EE8478-2226-4BD1-B754-DF6508119CC6}.Release|Any CPU.Build.0 = Release|Any CPU
	EndGlobalSection
	GlobalSection(SolutionProperties) = preSolution
		HideSolutionNode = FALSE
	EndGlobalSection
	GlobalSection(NestedProjects) = preSolution
		{A2EE8478-2226-4BD1-B754-DF6508119CC6} = {62580071-7705-43CE-94CA-01D9D657BE2F}
	EndGlobalSection
	GlobalSection(ExtensibilityGlobals) = postSolution
		SolutionGuid = {9B3C67C1-751D-4E40-BB97-D7A219E624BD}
	EndGlobalSection
EndGlobal
